// !$*UTF8*$!
{
	archiveVersion = 1;
	classes = {
	};
	objectVersion = 56;
	objects = {

/* Begin PBXBuildFile section */
		255334932C7F1543000BB099 /* TimeDataManagement.swift in Sources */ = {isa = PBXBuildFile; fileRef = 255334922C7F1543000BB099 /* TimeDataManagement.swift */; };
		256CEBB42C7F328700979153 /* TimecheUnderContraction.swift in Sources */ = {isa = PBXBuildFile; fileRef = 256CEBB32C7F328700979153 /* TimecheUnderContraction.swift */; };
		25F242052C7D7CB0007AC44A /* DataManagement .swift in Sources */ = {isa = PBXBuildFile; fileRef = 25F242042C7D7CB0007AC44A /* DataManagement .swift */; };
		25FF86AF2C7C2DA900E1617B /* AppDelegate.swift in Sources */ = {isa = PBXBuildFile; fileRef = 25FF86AE2C7C2DA900E1617B /* AppDelegate.swift */; };
		25FF86B12C7C2DA900E1617B /* SceneDelegate.swift in Sources */ = {isa = PBXBuildFile; fileRef = 25FF86B02C7C2DA900E1617B /* SceneDelegate.swift */; };
		25FF86B32C7C2DA900E1617B /* ViewController.swift in Sources */ = {isa = PBXBuildFile; fileRef = 25FF86B22C7C2DA900E1617B /* ViewController.swift */; };
		25FF86B62C7C2DA900E1617B /* Main.storyboard in Resources */ = {isa = PBXBuildFile; fileRef = 25FF86B42C7C2DA900E1617B /* Main.storyboard */; };
		25FF86B92C7C2DA900E1617B /* ExtractText.xcdatamodeld in Sources */ = {isa = PBXBuildFile; fileRef = 25FF86B72C7C2DA900E1617B /* ExtractText.xcdatamodeld */; };
		25FF86BB2C7C2DAB00E1617B /* Assets.xcassets in Resources */ = {isa = PBXBuildFile; fileRef = 25FF86BA2C7C2DAB00E1617B /* Assets.xcassets */; };
		25FF86BE2C7C2DAB00E1617B /* LaunchScreen.storyboard in Resources */ = {isa = PBXBuildFile; fileRef = 25FF86BC2C7C2DAB00E1617B /* LaunchScreen.storyboard */; };
		25FF86C92C7C2DAB00E1617B /* ExtractTextTests.swift in Sources */ = {isa = PBXBuildFile; fileRef = 25FF86C82C7C2DAB00E1617B /* ExtractTextTests.swift */; };
		25FF86D32C7C2DAB00E1617B /* ExtractTextUITests.swift in Sources */ = {isa = PBXBuildFile; fileRef = 25FF86D22C7C2DAB00E1617B /* ExtractTextUITests.swift */; };
		25FF86D52C7C2DAB00E1617B /* ExtractTextUITestsLaunchTests.swift in Sources */ = {isa = PBXBuildFile; fileRef = 25FF86D42C7C2DAB00E1617B /* ExtractTextUITestsLaunchTests.swift */; };
		25FF86E32C7C6C9000E1617B /* ExtractTextFromImage.swift in Sources */ = {isa = PBXBuildFile; fileRef = 25FF86E22C7C6C9000E1617B /* ExtractTextFromImage.swift */; };
/* End PBXBuildFile section */

/* Begin PBXContainerItemProxy section */
		25FF86C52C7C2DAB00E1617B /* PBXContainerItemProxy */ = {
			isa = PBXContainerItemProxy;
			containerPortal = 25FF86A32C7C2DA900E1617B /* Project object */;
			proxyType = 1;
			remoteGlobalIDString = 25FF86AA2C7C2DA900E1617B;
			remoteInfo = ExtractText;
		};
		25FF86CF2C7C2DAB00E1617B /* PBXContainerItemProxy */ = {
			isa = PBXContainerItemProxy;
			containerPortal = 25FF86A32C7C2DA900E1617B /* Project object */;
			proxyType = 1;
			remoteGlobalIDString = 25FF86AA2C7C2DA900E1617B;
			remoteInfo = ExtractText;
		};
/* End PBXContainerItemProxy section */

/* Begin PBXFileReference section */
		255334922C7F1543000BB099 /* TimeDataManagement.swift */ = {isa = PBXFileReference; lastKnownFileType = sourcecode.swift; path = TimeDataManagement.swift; sourceTree = "<group>"; };
		256CEBB32C7F328700979153 /* TimecheUnderContraction.swift */ = {isa = PBXFileReference; lastKnownFileType = sourcecode.swift; path = TimecheUnderContraction.swift; sourceTree = "<group>"; };
		25F242042C7D7CB0007AC44A /* DataManagement .swift */ = {isa = PBXFileReference; lastKnownFileType = sourcecode.swift; path = "DataManagement .swift"; sourceTree = "<group>"; };
		25FF86AB2C7C2DA900E1617B /* ExtractText.app */ = {isa = PBXFileReference; explicitFileType = wrapper.application; includeInIndex = 0; path = ExtractText.app; sourceTree = BUILT_PRODUCTS_DIR; };
		25FF86AE2C7C2DA900E1617B /* AppDelegate.swift */ = {isa = PBXFileReference; lastKnownFileType = sourcecode.swift; path = AppDelegate.swift; sourceTree = "<group>"; };
		25FF86B02C7C2DA900E1617B /* SceneDelegate.swift */ = {isa = PBXFileReference; lastKnownFileType = sourcecode.swift; path = SceneDelegate.swift; sourceTree = "<group>"; };
		25FF86B22C7C2DA900E1617B /* ViewController.swift */ = {isa = PBXFileReference; lastKnownFileType = sourcecode.swift; path = ViewController.swift; sourceTree = "<group>"; };
		25FF86B52C7C2DA900E1617B /* Base */ = {isa = PBXFileReference; lastKnownFileType = file.storyboard; name = Base; path = Base.lproj/Main.storyboard; sourceTree = "<group>"; };
		25FF86B82C7C2DA900E1617B /* ExtractText.xcdatamodel */ = {isa = PBXFileReference; lastKnownFileType = wrapper.xcdatamodel; path = ExtractText.xcdatamodel; sourceTree = "<group>"; };
		25FF86BA2C7C2DAB00E1617B /* Assets.xcassets */ = {isa = PBXFileReference; lastKnownFileType = folder.assetcatalog; path = Assets.xcassets; sourceTree = "<group>"; };
		25FF86BD2C7C2DAB00E1617B /* Base */ = {isa = PBXFileReference; lastKnownFileType = file.storyboard; name = Base; path = Base.lproj/LaunchScreen.storyboard; sourceTree = "<group>"; };
		25FF86BF2C7C2DAB00E1617B /* Info.plist */ = {isa = PBXFileReference; lastKnownFileType = text.plist.xml; path = Info.plist; sourceTree = "<group>"; };
		25FF86C42C7C2DAB00E1617B /* ExtractTextTests.xctest */ = {isa = PBXFileReference; explicitFileType = wrapper.cfbundle; includeInIndex = 0; path = ExtractTextTests.xctest; sourceTree = BUILT_PRODUCTS_DIR; };
		25FF86C82C7C2DAB00E1617B /* ExtractTextTests.swift */ = {isa = PBXFileReference; lastKnownFileType = sourcecode.swift; path = ExtractTextTests.swift; sourceTree = "<group>"; };
		25FF86CE2C7C2DAB00E1617B /* ExtractTextUITests.xctest */ = {isa = PBXFileReference; explicitFileType = wrapper.cfbundle; includeInIndex = 0; path = ExtractTextUITests.xctest; sourceTree = BUILT_PRODUCTS_DIR; };
		25FF86D22C7C2DAB00E1617B /* ExtractTextUITests.swift */ = {isa = PBXFileReference; lastKnownFileType = sourcecode.swift; path = ExtractTextUITests.swift; sourceTree = "<group>"; };
		25FF86D42C7C2DAB00E1617B /* ExtractTextUITestsLaunchTests.swift */ = {isa = PBXFileReference; lastKnownFileType = sourcecode.swift; path = ExtractTextUITestsLaunchTests.swift; sourceTree = "<group>"; };
		25FF86E22C7C6C9000E1617B /* ExtractTextFromImage.swift */ = {isa = PBXFileReference; lastKnownFileType = sourcecode.swift; path = ExtractTextFromImage.swift; sourceTree = "<group>"; };
/* End PBXFileReference section */

/* Begin PBXFrameworksBuildPhase section */
		25FF86A82C7C2DA900E1617B /* Frameworks */ = {
			isa = PBXFrameworksBuildPhase;
			buildActionMask = 2147483647;
			files = (
			);
			runOnlyForDeploymentPostprocessing = 0;
		};
		25FF86C12C7C2DAB00E1617B /* Frameworks */ = {
			isa = PBXFrameworksBuildPhase;
			buildActionMask = 2147483647;
			files = (
			);
			runOnlyForDeploymentPostprocessing = 0;
		};
		25FF86CB2C7C2DAB00E1617B /* Frameworks */ = {
			isa = PBXFrameworksBuildPhase;
			buildActionMask = 2147483647;
			files = (
			);
			runOnlyForDeploymentPostprocessing = 0;
		};
/* End PBXFrameworksBuildPhase section */

/* Begin PBXGroup section */
		25FF86A22C7C2DA900E1617B = {
			isa = PBXGroup;
			children = (
				25FF86AD2C7C2DA900E1617B /* ExtractText */,
				25FF86C72C7C2DAB00E1617B /* ExtractTextTests */,
				25FF86D12C7C2DAB00E1617B /* ExtractTextUITests */,
				25FF86AC2C7C2DA900E1617B /* Products */,
			);
			sourceTree = "<group>";
		};
		25FF86AC2C7C2DA900E1617B /* Products */ = {
			isa = PBXGroup;
			children = (
				25FF86AB2C7C2DA900E1617B /* ExtractText.app */,
				25FF86C42C7C2DAB00E1617B /* ExtractTextTests.xctest */,
				25FF86CE2C7C2DAB00E1617B /* ExtractTextUITests.xctest */,
			);
			name = Products;
			sourceTree = "<group>";
		};
		25FF86AD2C7C2DA900E1617B /* ExtractText */ = {
			isa = PBXGroup;
			children = (
				25FF86E12C7C6C2B00E1617B /* extracttext */,
				25FF86AE2C7C2DA900E1617B /* AppDelegate.swift */,
				25FF86B02C7C2DA900E1617B /* SceneDelegate.swift */,
				25FF86B22C7C2DA900E1617B /* ViewController.swift */,
				25FF86B42C7C2DA900E1617B /* Main.storyboard */,
				25FF86BA2C7C2DAB00E1617B /* Assets.xcassets */,
				25FF86BC2C7C2DAB00E1617B /* LaunchScreen.storyboard */,
				25FF86BF2C7C2DAB00E1617B /* Info.plist */,
				25FF86B72C7C2DA900E1617B /* ExtractText.xcdatamodeld */,
			);
			path = ExtractText;
			sourceTree = "<group>";
		};
		25FF86C72C7C2DAB00E1617B /* ExtractTextTests */ = {
			isa = PBXGroup;
			children = (
				25FF86C82C7C2DAB00E1617B /* ExtractTextTests.swift */,
			);
			path = ExtractTextTests;
			sourceTree = "<group>";
		};
		25FF86D12C7C2DAB00E1617B /* ExtractTextUITests */ = {
			isa = PBXGroup;
			children = (
				25FF86D22C7C2DAB00E1617B /* ExtractTextUITests.swift */,
				25FF86D42C7C2DAB00E1617B /* ExtractTextUITestsLaunchTests.swift */,
			);
			path = ExtractTextUITests;
			sourceTree = "<group>";
		};
		25FF86E12C7C6C2B00E1617B /* extracttext */ = {
			isa = PBXGroup;
			children = (
				25FF86E22C7C6C9000E1617B /* ExtractTextFromImage.swift */,
				25F242042C7D7CB0007AC44A /* DataManagement .swift */,
				255334922C7F1543000BB099 /* TimeDataManagement.swift */,
				256CEBB32C7F328700979153 /* TimecheUnderContraction.swift */,
			);
			path = extracttext;
			sourceTree = "<group>";
		};
/* End PBXGroup section */

/* Begin PBXNativeTarget section */
		25FF86AA2C7C2DA900E1617B /* ExtractText */ = {
			isa = PBXNativeTarget;
			buildConfigurationList = 25FF86D82C7C2DAB00E1617B /* Build configuration list for PBXNativeTarget "ExtractText" */;
			buildPhases = (
				25FF86A72C7C2DA900E1617B /* Sources */,
				25FF86A82C7C2DA900E1617B /* Frameworks */,
				25FF86A92C7C2DA900E1617B /* Resources */,
			);
			buildRules = (
			);
			dependencies = (
			);
			name = ExtractText;
			productName = ExtractText;
			productReference = 25FF86AB2C7C2DA900E1617B /* ExtractText.app */;
			productType = "com.apple.product-type.application";
		};
		25FF86C32C7C2DAB00E1617B /* ExtractTextTests */ = {
			isa = PBXNativeTarget;
			buildConfigurationList = 25FF86DB2C7C2DAB00E1617B /* Build configuration list for PBXNativeTarget "ExtractTextTests" */;
			buildPhases = (
				25FF86C02C7C2DAB00E1617B /* Sources */,
				25FF86C12C7C2DAB00E1617B /* Frameworks */,
				25FF86C22C7C2DAB00E1617B /* Resources */,
			);
			buildRules = (
			);
			dependencies = (
				25FF86C62C7C2DAB00E1617B /* PBXTargetDependency */,
			);
			name = ExtractTextTests;
			productName = ExtractTextTests;
			productReference = 25FF86C42C7C2DAB00E1617B /* ExtractTextTests.xctest */;
			productType = "com.apple.product-type.bundle.unit-test";
		};
		25FF86CD2C7C2DAB00E1617B /* ExtractTextUITests */ = {
			isa = PBXNativeTarget;
			buildConfigurationList = 25FF86DE2C7C2DAB00E1617B /* Build configuration list for PBXNativeTarget "ExtractTextUITests" */;
			buildPhases = (
				25FF86CA2C7C2DAB00E1617B /* Sources */,
				25FF86CB2C7C2DAB00E1617B /* Frameworks */,
				25FF86CC2C7C2DAB00E1617B /* Resources */,
			);
			buildRules = (
			);
			dependencies = (
				25FF86D02C7C2DAB00E1617B /* PBXTargetDependency */,
			);
			name = ExtractTextUITests;
			productName = ExtractTextUITests;
			productReference = 25FF86CE2C7C2DAB00E1617B /* ExtractTextUITests.xctest */;
			productType = "com.apple.product-type.bundle.ui-testing";
		};
/* End PBXNativeTarget section */

/* Begin PBXProject section */
		25FF86A32C7C2DA900E1617B /* Project object */ = {
			isa = PBXProject;
			attributes = {
				BuildIndependentTargetsInParallel = 1;
				LastSwiftUpdateCheck = 1500;
				LastUpgradeCheck = 1500;
				TargetAttributes = {
					25FF86AA2C7C2DA900E1617B = {
						CreatedOnToolsVersion = 15.0.1;
					};
					25FF86C32C7C2DAB00E1617B = {
						CreatedOnToolsVersion = 15.0.1;
						TestTargetID = 25FF86AA2C7C2DA900E1617B;
					};
					25FF86CD2C7C2DAB00E1617B = {
						CreatedOnToolsVersion = 15.0.1;
						TestTargetID = 25FF86AA2C7C2DA900E1617B;
					};
				};
			};
			buildConfigurationList = 25FF86A62C7C2DA900E1617B /* Build configuration list for PBXProject "ExtractText" */;
			compatibilityVersion = "Xcode 14.0";
			developmentRegion = en;
			hasScannedForEncodings = 0;
			knownRegions = (
				en,
				Base,
			);
			mainGroup = 25FF86A22C7C2DA900E1617B;
			productRefGroup = 25FF86AC2C7C2DA900E1617B /* Products */;
			projectDirPath = "";
			projectRoot = "";
			targets = (
				25FF86AA2C7C2DA900E1617B /* ExtractText */,
				25FF86C32C7C2DAB00E1617B /* ExtractTextTests */,
				25FF86CD2C7C2DAB00E1617B /* ExtractTextUITests */,
			);
		};
/* End PBXProject section */

/* Begin PBXResourcesBuildPhase section */
		25FF86A92C7C2DA900E1617B /* Resources */ = {
			isa = PBXResourcesBuildPhase;
			buildActionMask = 2147483647;
			files = (
				25FF86BE2C7C2DAB00E1617B /* LaunchScreen.storyboard in Resources */,
				25FF86BB2C7C2DAB00E1617B /* Assets.xcassets in Resources */,
				25FF86B62C7C2DA900E1617B /* Main.storyboard in Resources */,
			);
			runOnlyForDeploymentPostprocessing = 0;
		};
		25FF86C22C7C2DAB00E1617B /* Resources */ = {
			isa = PBXResourcesBuildPhase;
			buildActionMask = 2147483647;
			files = (
			);
			runOnlyForDeploymentPostprocessing = 0;
		};
		25FF86CC2C7C2DAB00E1617B /* Resources */ = {
			isa = PBXResourcesBuildPhase;
			buildActionMask = 2147483647;
			files = (
			);
			runOnlyForDeploymentPostprocessing = 0;
		};
/* End PBXResourcesBuildPhase section */

/* Begin PBXSourcesBuildPhase section */
		25FF86A72C7C2DA900E1617B /* Sources */ = {
			isa = PBXSourcesBuildPhase;
			buildActionMask = 2147483647;
			files = (
				25FF86E32C7C6C9000E1617B /* ExtractTextFromImage.swift in Sources */,
				256CEBB42C7F328700979153 /* TimecheUnderContraction.swift in Sources */,
				25FF86B92C7C2DA900E1617B /* ExtractText.xcdatamodeld in Sources */,
				25FF86B32C7C2DA900E1617B /* ViewController.swift in Sources */,
				25F242052C7D7CB0007AC44A /* DataManagement .swift in Sources */,
				25FF86AF2C7C2DA900E1617B /* AppDelegate.swift in Sources */,
				255334932C7F1543000BB099 /* TimeDataManagement.swift in Sources */,
				25FF86B12C7C2DA900E1617B /* SceneDelegate.swift in Sources */,
			);
			runOnlyForDeploymentPostprocessing = 0;
		};
		25FF86C02C7C2DAB00E1617B /* Sources */ = {
			isa = PBXSourcesBuildPhase;
			buildActionMask = 2147483647;
			files = (
				25FF86C92C7C2DAB00E1617B /* ExtractTextTests.swift in Sources */,
			);
			runOnlyForDeploymentPostprocessing = 0;
		};
		25FF86CA2C7C2DAB00E1617B /* Sources */ = {
			isa = PBXSourcesBuildPhase;
			buildActionMask = 2147483647;
			files = (
				25FF86D32C7C2DAB00E1617B /* ExtractTextUITests.swift in Sources */,
				25FF86D52C7C2DAB00E1617B /* ExtractTextUITestsLaunchTests.swift in Sources */,
			);
			runOnlyForDeploymentPostprocessing = 0;
		};
/* End PBXSourcesBuildPhase section */

/* Begin PBXTargetDependency section */
		25FF86C62C7C2DAB00E1617B /* PBXTargetDependency */ = {
			isa = PBXTargetDependency;
			target = 25FF86AA2C7C2DA900E1617B /* ExtractText */;
			targetProxy = 25FF86C52C7C2DAB00E1617B /* PBXContainerItemProxy */;
		};
		25FF86D02C7C2DAB00E1617B /* PBXTargetDependency */ = {
			isa = PBXTargetDependency;
			target = 25FF86AA2C7C2DA900E1617B /* ExtractText */;
			targetProxy = 25FF86CF2C7C2DAB00E1617B /* PBXContainerItemProxy */;
		};
/* End PBXTargetDependency section */

/* Begin PBXVariantGroup section */
		25FF86B42C7C2DA900E1617B /* Main.storyboard */ = {
			isa = PBXVariantGroup;
			children = (
				25FF86B52C7C2DA900E1617B /* Base */,
			);
			name = Main.storyboard;
			sourceTree = "<group>";
		};
		25FF86BC2C7C2DAB00E1617B /* LaunchScreen.storyboard */ = {
			isa = PBXVariantGroup;
			children = (
				25FF86BD2C7C2DAB00E1617B /* Base */,
			);
			name = LaunchScreen.storyboard;
			sourceTree = "<group>";
		};
/* End PBXVariantGroup section */

/* Begin XCBuildConfiguration section */
		25FF86D62C7C2DAB00E1617B /* Debug */ = {
			isa = XCBuildConfiguration;
			buildSettings = {
				ALWAYS_SEARCH_USER_PATHS = NO;
				ASSETCATALOG_COMPILER_GENERATE_SWIFT_ASSET_SYMBOL_EXTENSIONS = YES;
				CLANG_ANALYZER_NONNULL = YES;
				CLANG_ANALYZER_NUMBER_OBJECT_CONVERSION = YES_AGGRESSIVE;
				CLANG_CXX_LANGUAGE_STANDARD = "gnu++20";
				CLANG_ENABLE_MODULES = YES;
				CLANG_ENABLE_OBJC_ARC = YES;
				CLANG_ENABLE_OBJC_WEAK = YES;
				CLANG_WARN_BLOCK_CAPTURE_AUTORELEASING = YES;
				CLANG_WARN_BOOL_CONVERSION = YES;
				CLANG_WARN_COMMA = YES;
				CLANG_WARN_CONSTANT_CONVERSION = YES;
				CLANG_WARN_DEPRECATED_OBJC_IMPLEMENTATIONS = YES;
				CLANG_WARN_DIRECT_OBJC_ISA_USAGE = YES_ERROR;
				CLANG_WARN_DOCUMENTATION_COMMENTS = YES;
				CLANG_WARN_EMPTY_BODY = YES;
				CLANG_WARN_ENUM_CONVERSION = YES;
				CLANG_WARN_INFINITE_RECURSION = YES;
				CLANG_WARN_INT_CONVERSION = YES;
				CLANG_WARN_NON_LITERAL_NULL_CONVERSION = YES;
				CLANG_WARN_OBJC_IMPLICIT_RETAIN_SELF = YES;
				CLANG_WARN_OBJC_LITERAL_CONVERSION = YES;
				CLANG_WARN_OBJC_ROOT_CLASS = YES_ERROR;
				CLANG_WARN_QUOTED_INCLUDE_IN_FRAMEWORK_HEADER = YES;
				CLANG_WARN_RANGE_LOOP_ANALYSIS = YES;
				CLANG_WARN_STRICT_PROTOTYPES = YES;
				CLANG_WARN_SUSPICIOUS_MOVE = YES;
				CLANG_WARN_UNGUARDED_AVAILABILITY = YES_AGGRESSIVE;
				CLANG_WARN_UNREACHABLE_CODE = YES;
				CLANG_WARN__DUPLICATE_METHOD_MATCH = YES;
				COPY_PHASE_STRIP = NO;
				DEBUG_INFORMATION_FORMAT = dwarf;
				ENABLE_STRICT_OBJC_MSGSEND = YES;
				ENABLE_TESTABILITY = YES;
				ENABLE_USER_SCRIPT_SANDBOXING = YES;
				GCC_C_LANGUAGE_STANDARD = gnu17;
				GCC_DYNAMIC_NO_PIC = NO;
				GCC_NO_COMMON_BLOCKS = YES;
				GCC_OPTIMIZATION_LEVEL = 0;
				GCC_PREPROCESSOR_DEFINITIONS = (
					"DEBUG=1",
					"$(inherited)",
				);
				GCC_WARN_64_TO_32_BIT_CONVERSION = YES;
				GCC_WARN_ABOUT_RETURN_TYPE = YES_ERROR;
				GCC_WARN_UNDECLARED_SELECTOR = YES;
				GCC_WARN_UNINITIALIZED_AUTOS = YES_AGGRESSIVE;
				GCC_WARN_UNUSED_FUNCTION = YES;
				GCC_WARN_UNUSED_VARIABLE = YES;
				IPHONEOS_DEPLOYMENT_TARGET = 17.0;
				LOCALIZATION_PREFERS_STRING_CATALOGS = YES;
				MTL_ENABLE_DEBUG_INFO = INCLUDE_SOURCE;
				MTL_FAST_MATH = YES;
				ONLY_ACTIVE_ARCH = YES;
				SDKROOT = iphoneos;
				SWIFT_ACTIVE_COMPILATION_CONDITIONS = "DEBUG $(inherited)";
				SWIFT_OPTIMIZATION_LEVEL = "-Onone";
			};
			name = Debug;
		};
		25FF86D72C7C2DAB00E1617B /* Release */ = {
			isa = XCBuildConfiguration;
			buildSettings = {
				ALWAYS_SEARCH_USER_PATHS = NO;
				ASSETCATALOG_COMPILER_GENERATE_SWIFT_ASSET_SYMBOL_EXTENSIONS = YES;
				CLANG_ANALYZER_NONNULL = YES;
				CLANG_ANALYZER_NUMBER_OBJECT_CONVERSION = YES_AGGRESSIVE;
				CLANG_CXX_LANGUAGE_STANDARD = "gnu++20";
				CLANG_ENABLE_MODULES = YES;
				CLANG_ENABLE_OBJC_ARC = YES;
				CLANG_ENABLE_OBJC_WEAK = YES;
				CLANG_WARN_BLOCK_CAPTURE_AUTORELEASING = YES;
				CLANG_WARN_BOOL_CONVERSION = YES;
				CLANG_WARN_COMMA = YES;
				CLANG_WARN_CONSTANT_CONVERSION = YES;
				CLANG_WARN_DEPRECATED_OBJC_IMPLEMENTATIONS = YES;
				CLANG_WARN_DIRECT_OBJC_ISA_USAGE = YES_ERROR;
				CLANG_WARN_DOCUMENTATION_COMMENTS = YES;
				CLANG_WARN_EMPTY_BODY = YES;
				CLANG_WARN_ENUM_CONVERSION = YES;
				CLANG_WARN_INFINITE_RECURSION = YES;
				CLANG_WARN_INT_CONVERSION = YES;
				CLANG_WARN_NON_LITERAL_NULL_CONVERSION = YES;
				CLANG_WARN_OBJC_IMPLICIT_RETAIN_SELF = YES;
				CLANG_WARN_OBJC_LITERAL_CONVERSION = YES;
				CLANG_WARN_OBJC_ROOT_CLASS = YES_ERROR;
				CLANG_WARN_QUOTED_INCLUDE_IN_FRAMEWORK_HEADER = YES;
				CLANG_WARN_RANGE_LOOP_ANALYSIS = YES;
				CLANG_WARN_STRICT_PROTOTYPES = YES;
				CLANG_WARN_SUSPICIOUS_MOVE = YES;
				CLANG_WARN_UNGUARDED_AVAILABILITY = YES_AGGRESSIVE;
				CLANG_WARN_UNREACHABLE_CODE = YES;
				CLANG_WARN__DUPLICATE_METHOD_MATCH = YES;
				COPY_PHASE_STRIP = NO;
				DEBUG_INFORMATION_FORMAT = "dwarf-with-dsym";
				ENABLE_NS_ASSERTIONS = NO;
				ENABLE_STRICT_OBJC_MSGSEND = YES;
				ENABLE_USER_SCRIPT_SANDBOXING = YES;
				GCC_C_LANGUAGE_STANDARD = gnu17;
				GCC_NO_COMMON_BLOCKS = YES;
				GCC_WARN_64_TO_32_BIT_CONVERSION = YES;
				GCC_WARN_ABOUT_RETURN_TYPE = YES_ERROR;
				GCC_WARN_UNDECLARED_SELECTOR = YES;
				GCC_WARN_UNINITIALIZED_AUTOS = YES_AGGRESSIVE;
				GCC_WARN_UNUSED_FUNCTION = YES;
				GCC_WARN_UNUSED_VARIABLE = YES;
				IPHONEOS_DEPLOYMENT_TARGET = 17.0;
				LOCALIZATION_PREFERS_STRING_CATALOGS = YES;
				MTL_ENABLE_DEBUG_INFO = NO;
				MTL_FAST_MATH = YES;
				SDKROOT = iphoneos;
				SWIFT_COMPILATION_MODE = wholemodule;
				VALIDATE_PRODUCT = YES;
			};
			name = Release;
		};
		25FF86D92C7C2DAB00E1617B /* Debug */ = {
			isa = XCBuildConfiguration;
			buildSettings = {
				ASSETCATALOG_COMPILER_APPICON_NAME = AppIcon;
				ASSETCATALOG_COMPILER_GLOBAL_ACCENT_COLOR_NAME = AccentColor;
				CODE_SIGN_STYLE = Automatic;
				CURRENT_PROJECT_VERSION = 1;
				DEVELOPMENT_TEAM = V23C68N65J;
				GENERATE_INFOPLIST_FILE = YES;
				INFOPLIST_FILE = ExtractText/Info.plist;
				INFOPLIST_KEY_UIApplicationSupportsIndirectInputEvents = YES;
				INFOPLIST_KEY_UILaunchStoryboardName = LaunchScreen;
				INFOPLIST_KEY_UIMainStoryboardFile = Main;
				INFOPLIST_KEY_UISupportedInterfaceOrientations_iPad = "UIInterfaceOrientationPortrait UIInterfaceOrientationPortraitUpsideDown UIInterfaceOrientationLandscapeLeft UIInterfaceOrientationLandscapeRight";
				INFOPLIST_KEY_UISupportedInterfaceOrientations_iPhone = "UIInterfaceOrientationPortrait UIInterfaceOrientationLandscapeLeft UIInterfaceOrientationLandscapeRight";
				LD_RUNPATH_SEARCH_PATHS = (
					"$(inherited)",
					"@executable_path/Frameworks",
				);
				MARKETING_VERSION = 1.0;
				PRODUCT_BUNDLE_IDENTIFIER = com.grozziie.ExtractText;
				PRODUCT_NAME = "$(TARGET_NAME)";
				SUPPORTED_PLATFORMS = "iphoneos iphonesimulator";
				SUPPORTS_MACCATALYST = NO;
				SUPPORTS_MAC_DESIGNED_FOR_IPHONE_IPAD = NO;
				SWIFT_EMIT_LOC_STRINGS = YES;
				SWIFT_VERSION = 5.0;
				TARGETED_DEVICE_FAMILY = 1;
			};
			name = Debug;
		};
		25FF86DA2C7C2DAB00E1617B /* Release */ = {
			isa = XCBuildConfiguration;
			buildSettings = {
				ASSETCATALOG_COMPILER_APPICON_NAME = AppIcon;
				ASSETCATALOG_COMPILER_GLOBAL_ACCENT_COLOR_NAME = AccentColor;
				CODE_SIGN_STYLE = Automatic;
				CURRENT_PROJECT_VERSION = 1;
				DEVELOPMENT_TEAM = V23C68N65J;
				GENERATE_INFOPLIST_FILE = YES;
				INFOPLIST_FILE = ExtractText/Info.plist;
				INFOPLIST_KEY_UIApplicationSupportsIndirectInputEvents = YES;
				INFOPLIST_KEY_UILaunchStoryboardName = LaunchScreen;
				INFOPLIST_KEY_UIMainStoryboardFile = Main;
				INFOPLIST_KEY_UISupportedInterfaceOrientations_iPad = "UIInterfaceOrientationPortrait UIInterfaceOrientationPortraitUpsideDown UIInterfaceOrientationLandscapeLeft UIInterfaceOrientationLandscapeRight";
				INFOPLIST_KEY_UISupportedInterfaceOrientations_iPhone = "UIInterfaceOrientationPortrait UIInterfaceOrientationLandscapeLeft UIInterfaceOrientationLandscapeRight";
				LD_RUNPATH_SEARCH_PATHS = (
					"$(inherited)",
					"@executable_path/Frameworks",
				);
				MARKETING_VERSION = 1.0;
				PRODUCT_BUNDLE_IDENTIFIER = com.grozziie.ExtractText;
				PRODUCT_NAME = "$(TARGET_NAME)";
				SUPPORTED_PLATFORMS = "iphoneos iphonesimulator";
				SUPPORTS_MACCATALYST = NO;
				SUPPORTS_MAC_DESIGNED_FOR_IPHONE_IPAD = NO;
				SWIFT_EMIT_LOC_STRINGS = YES;
				SWIFT_VERSION = 5.0;
				TARGETED_DEVICE_FAMILY = 1;
			};
			name = Release;
		};
		25FF86DC2C7C2DAB00E1617B /* Debug */ = {
			isa = XCBuildConfiguration;
			buildSettings = {
				ALWAYS_EMBED_SWIFT_STANDARD_LIBRARIES = YES;
				BUNDLE_LOADER = "$(TEST_HOST)";
				CODE_SIGN_STYLE = Automatic;
				CURRENT_PROJECT_VERSION = 1;
				DEVELOPMENT_TEAM = V23C68N65J;
				GENERATE_INFOPLIST_FILE = YES;
				IPHONEOS_DEPLOYMENT_TARGET = 17.0;
				MARKETING_VERSION = 1.0;
				PRODUCT_BUNDLE_IDENTIFIER = com.grozziie.ExtractTextTests;
				PRODUCT_NAME = "$(TARGET_NAME)";
				SWIFT_EMIT_LOC_STRINGS = NO;
				SWIFT_VERSION = 5.0;
				TARGETED_DEVICE_FAMILY = "1,2";
				TEST_HOST = "$(BUILT_PRODUCTS_DIR)/ExtractText.app/$(BUNDLE_EXECUTABLE_FOLDER_PATH)/ExtractText";
			};
			name = Debug;
		};
		25FF86DD2C7C2DAB00E1617B /* Release */ = {
			isa = XCBuildConfiguration;
			buildSettings = {
				ALWAYS_EMBED_SWIFT_STANDARD_LIBRARIES = YES;
				BUNDLE_LOADER = "$(TEST_HOST)";
				CODE_SIGN_STYLE = Automatic;
				CURRENT_PROJECT_VERSION = 1;
				DEVELOPMENT_TEAM = V23C68N65J;
				GENERATE_INFOPLIST_FILE = YES;
				IPHONEOS_DEPLOYMENT_TARGET = 17.0;
				MARKETING_VERSION = 1.0;
				PRODUCT_BUNDLE_IDENTIFIER = com.grozziie.ExtractTextTests;
				PRODUCT_NAME = "$(TARGET_NAME)";
				SWIFT_EMIT_LOC_STRINGS = NO;
				SWIFT_VERSION = 5.0;
				TARGETED_DEVICE_FAMILY = "1,2";
				TEST_HOST = "$(BUILT_PRODUCTS_DIR)/ExtractText.app/$(BUNDLE_EXECUTABLE_FOLDER_PATH)/ExtractText";
			};
			name = Release;
		};
		25FF86DF2C7C2DAB00E1617B /* Debug */ = {
			isa = XCBuildConfiguration;
			buildSettings = {
				ALWAYS_EMBED_SWIFT_STANDARD_LIBRARIES = YES;
				CODE_SIGN_STYLE = Automatic;
				CURRENT_PROJECT_VERSION = 1;
				DEVELOPMENT_TEAM = V23C68N65J;
				GENERATE_INFOPLIST_FILE = YES;
				MARKETING_VERSION = 1.0;
				PRODUCT_BUNDLE_IDENTIFIER = com.grozziie.ExtractTextUITests;
				PRODUCT_NAME = "$(TARGET_NAME)";
				SWIFT_EMIT_LOC_STRINGS = NO;
				SWIFT_VERSION = 5.0;
				TARGETED_DEVICE_FAMILY = "1,2";
				TEST_TARGET_NAME = ExtractText;
			};
			name = Debug;
		};
		25FF86E02C7C2DAB00E1617B /* Release */ = {
			isa = XCBuildConfiguration;
			buildSettings = {
				ALWAYS_EMBED_SWIFT_STANDARD_LIBRARIES = YES;
				CODE_SIGN_STYLE = Automatic;
				CURRENT_PROJECT_VERSION = 1;
				DEVELOPMENT_TEAM = V23C68N65J;
				GENERATE_INFOPLIST_FILE = YES;
				MARKETING_VERSION = 1.0;
				PRODUCT_BUNDLE_IDENTIFIER = com.grozziie.ExtractTextUITests;
				PRODUCT_NAME = "$(TARGET_NAME)";
				SWIFT_EMIT_LOC_STRINGS = NO;
				SWIFT_VERSION = 5.0;
				TARGETED_DEVICE_FAMILY = "1,2";
				TEST_TARGET_NAME = ExtractText;
			};
			name = Release;
		};
/* End XCBuildConfiguration section */

/* Begin XCConfigurationList section */
		25FF86A62C7C2DA900E1617B /* Build configuration list for PBXProject "ExtractText" */ = {
			isa = XCConfigurationList;
			buildConfigurations = (
				25FF86D62C7C2DAB00E1617B /* Debug */,
				25FF86D72C7C2DAB00E1617B /* Release */,
			);
			defaultConfigurationIsVisible = 0;
			defaultConfigurationName = Release;
		};
		25FF86D82C7C2DAB00E1617B /* Build configuration list for PBXNativeTarget "ExtractText" */ = {
			isa = XCConfigurationList;
			buildConfigurations = (
				25FF86D92C7C2DAB00E1617B /* Debug */,
				25FF86DA2C7C2DAB00E1617B /* Release */,
			);
			defaultConfigurationIsVisible = 0;
			defaultConfigurationName = Release;
		};
		25FF86DB2C7C2DAB00E1617B /* Build configuration list for PBXNativeTarget "ExtractTextTests" */ = {
			isa = XCConfigurationList;
			buildConfigurations = (
				25FF86DC2C7C2DAB00E1617B /* Debug */,
				25FF86DD2C7C2DAB00E1617B /* Release */,
			);
			defaultConfigurationIsVisible = 0;
			defaultConfigurationName = Release;
		};
		25FF86DE2C7C2DAB00E1617B /* Build configuration list for PBXNativeTarget "ExtractTextUITests" */ = {
			isa = XCConfigurationList;
			buildConfigurations = (
				25FF86DF2C7C2DAB00E1617B /* Debug */,
				25FF86E02C7C2DAB00E1617B /* Release */,
			);
			defaultConfigurationIsVisible = 0;
			defaultConfigurationName = Release;
		};
/* End XCConfigurationList section */

/* Begin XCVersionGroup section */
		25FF86B72C7C2DA900E1617B /* ExtractText.xcdatamodeld */ = {
			isa = XCVersionGroup;
			children = (
				25FF86B82C7C2DA900E1617B /* ExtractText.xcdatamodel */,
			);
			currentVersion = 25FF86B82C7C2DA900E1617B /* ExtractText.xcdatamodel */;
			path = ExtractText.xcdatamodeld;
			sourceTree = "<group>";
			versionGroupType = wrapper.xcdatamodel;
		};
/* End XCVersionGroup section */
	};
	rootObject = 25FF86A32C7C2DA900E1617B /* Project object */;
}
